{
	"name": "@guillaumejchauveau/wdb-pack-html",
	"version": "5.0.0-alpha.2",
	"lockfileVersion": 1,
	"requires": true,
	"dependencies": {
		"@types/anymatch": {
			"version": "1.3.1",
			"resolved": "https://registry.npmjs.org/@types/anymatch/-/anymatch-1.3.1.tgz",
			"integrity": "sha512-/+CRPXpBDpo2RK9C68N3b2cOvO0Cf5B9aPijHsoDQTHivnGSObdOF2BRQOYjojWTDy6nQvMjmqRXIxH55VjxxA=="
		},
		"@types/node": {
			"version": "12.7.1",
			"resolved": "https://registry.npmjs.org/@types/node/-/node-12.7.1.tgz",
			"integrity": "sha512-aK9jxMypeSrhiYofWWBf/T7O+KwaiAHzM4sveCdWPn71lzUSMimRnKzhXDKfKwV1kWoBo2P1aGgaIYGLf9/ljw=="
		},
		"@types/tapable": {
			"version": "1.0.4",
			"resolved": "https://registry.npmjs.org/@types/tapable/-/tapable-1.0.4.tgz",
			"integrity": "sha512-78AdXtlhpCHT0K3EytMpn4JNxaf5tbqbLcbIRoQIHzpTIyjpxLQKRoxU55ujBXAtg3Nl2h/XWvfDa9dsMOd0pQ=="
		},
		"@types/uglify-js": {
			"version": "3.0.4",
			"resolved": "https://registry.npmjs.org/@types/uglify-js/-/uglify-js-3.0.4.tgz",
			"integrity": "sha512-SudIN9TRJ+v8g5pTG8RRCqfqTMNqgWCKKd3vtynhGzkIIjxaicNAMuY5TRadJ6tzDu3Dotf3ngaMILtmOdmWEQ==",
			"requires": {
				"source-map": "^0.6.1"
			}
		},
		"@types/webpack": {
			"version": "4.32.1",
			"resolved": "https://registry.npmjs.org/@types/webpack/-/webpack-4.32.1.tgz",
			"integrity": "sha512-9n38CBx9uga1FEAdTipnt0EkbKpsCJFh7xJb1LE65FFb/A6OOLFX022vYsGC1IyVCZ/GroNg9u/RMmlDxGcLIw==",
			"requires": {
				"@types/anymatch": "*",
				"@types/node": "*",
				"@types/tapable": "*",
				"@types/uglify-js": "*",
				"source-map": "^0.6.0"
			}
		},
		"ajv": {
			"version": "6.10.2",
			"resolved": "https://registry.npmjs.org/ajv/-/ajv-6.10.2.tgz",
			"integrity": "sha512-TXtUUEYHuaTEbLZWIKUr5pmBuhDLy+8KYtPYdcV8qC+pOZL+NKqYwvWSRrVXHn+ZmRRAu8vJTAznH7Oag6RVRw==",
			"requires": {
				"fast-deep-equal": "^2.0.1",
				"fast-json-stable-stringify": "^2.0.0",
				"json-schema-traverse": "^0.4.1",
				"uri-js": "^4.2.2"
			}
		},
		"ajv-keywords": {
			"version": "3.4.1",
			"resolved": "https://registry.npmjs.org/ajv-keywords/-/ajv-keywords-3.4.1.tgz",
			"integrity": "sha512-RO1ibKvd27e6FEShVFfPALuHI3WjSVNeK5FIsmme/LYRNxjKuNj+Dt7bucLa6NdSv3JcVTyMlm9kGR84z1XpaQ=="
		},
		"ast-types": {
			"version": "0.9.6",
			"resolved": "https://registry.npmjs.org/ast-types/-/ast-types-0.9.6.tgz",
			"integrity": "sha1-ECyenpAF0+fjgpvwxPok7oYu6bk="
		},
		"babel-runtime": {
			"version": "6.26.0",
			"resolved": "https://registry.npmjs.org/babel-runtime/-/babel-runtime-6.26.0.tgz",
			"integrity": "sha1-llxwWGaOgrVde/4E/yM3vItWR/4=",
			"requires": {
				"core-js": "^2.4.0",
				"regenerator-runtime": "^0.11.0"
			}
		},
		"big.js": {
			"version": "5.2.2",
			"resolved": "https://registry.npmjs.org/big.js/-/big.js-5.2.2.tgz",
			"integrity": "sha512-vyL2OymJxmarO8gxMr0mhChsO9QGwhynfuu4+MHTAW6czfq9humCB7rKpUjDd9YUiDPU4mzpyupFSvOClAwbmQ=="
		},
		"btoa": {
			"version": "1.2.1",
			"resolved": "https://registry.npmjs.org/btoa/-/btoa-1.2.1.tgz",
			"integrity": "sha512-SB4/MIGlsiVkMcHmT+pSmIPoNDoHg+7cMzmt3Uxt628MTz2487DKSqK/fuhFBrkuqrYv5UCEnACpF4dTFNKc/g=="
		},
		"camel-case": {
			"version": "3.0.0",
			"resolved": "https://registry.npmjs.org/camel-case/-/camel-case-3.0.0.tgz",
			"integrity": "sha1-yjw2iKTpzzpM2nd9xNy8cTJJz3M=",
			"requires": {
				"no-case": "^2.2.0",
				"upper-case": "^1.1.1"
			}
		},
		"clean-css": {
			"version": "4.2.1",
			"resolved": "https://registry.npmjs.org/clean-css/-/clean-css-4.2.1.tgz",
			"integrity": "sha512-4ZxI6dy4lrY6FHzfiy1aEOXgu4LIsW2MhwG0VBKdcoGoH/XLFgaHSdLTGr4O8Be6A8r3MOphEiI8Gc1n0ecf3g==",
			"requires": {
				"source-map": "~0.6.0"
			}
		},
		"commander": {
			"version": "2.17.1",
			"resolved": "https://registry.npmjs.org/commander/-/commander-2.17.1.tgz",
			"integrity": "sha512-wPMUt6FnH2yzG95SA6mzjQOEKUU3aLaDEmzs1ti+1E9h+CsrZghRlqEM/EJ4KscsQVG8uNN4uVreUeT8+drlgg=="
		},
		"core-js": {
			"version": "2.6.9",
			"resolved": "https://registry.npmjs.org/core-js/-/core-js-2.6.9.tgz",
			"integrity": "sha512-HOpZf6eXmnl7la+cUdMnLvUxKNqLUzJvgIziQ0DiF3JwSImNphIqdGqzj6hIKyX04MmV0poclQ7+wjWvxQyR2A=="
		},
		"emojis-list": {
			"version": "2.1.0",
			"resolved": "https://registry.npmjs.org/emojis-list/-/emojis-list-2.1.0.tgz",
			"integrity": "sha1-TapNnbAPmBmIDHn6RXrlsJof04k="
		},
		"es6-templates": {
			"version": "0.2.3",
			"resolved": "https://registry.npmjs.org/es6-templates/-/es6-templates-0.2.3.tgz",
			"integrity": "sha1-XLmsn7He1usSOTQrgdeSu7QHjuQ=",
			"requires": {
				"recast": "~0.11.12",
				"through": "~2.3.6"
			}
		},
		"esprima": {
			"version": "3.1.3",
			"resolved": "https://registry.npmjs.org/esprima/-/esprima-3.1.3.tgz",
			"integrity": "sha1-/cpRzuYTOJXjyI1TXOSdv/YqRjM="
		},
		"extract-loader": {
			"version": "3.1.0",
			"resolved": "https://registry.npmjs.org/extract-loader/-/extract-loader-3.1.0.tgz",
			"integrity": "sha512-baiz/xalbyQJOTHwcMJKXYsHbhEHGWQ2loK26vqZVoqO6eeinrnSrMx9681pNZgGRqz2L/PsyNxz+PVDiSmNPg==",
			"requires": {
				"babel-runtime": "^6.26.0",
				"btoa": "^1.2.1",
				"loader-utils": "^1.1.0",
				"resolve": "^1.8.1"
			}
		},
		"fast-deep-equal": {
			"version": "2.0.1",
			"resolved": "https://registry.npmjs.org/fast-deep-equal/-/fast-deep-equal-2.0.1.tgz",
			"integrity": "sha1-ewUhjd+WZ79/Nwv3/bLLFf3Qqkk="
		},
		"fast-json-stable-stringify": {
			"version": "2.0.0",
			"resolved": "https://registry.npmjs.org/fast-json-stable-stringify/-/fast-json-stable-stringify-2.0.0.tgz",
			"integrity": "sha1-1RQsDK7msRifh9OnYREGT4bIu/I="
		},
		"fastparse": {
			"version": "1.1.2",
			"resolved": "https://registry.npmjs.org/fastparse/-/fastparse-1.1.2.tgz",
			"integrity": "sha512-483XLLxTVIwWK3QTrMGRqUfUpoOs/0hbQrl2oz4J0pAcm3A3bu84wxTFqGqkJzewCLdME38xJLJAxBABfQT8sQ=="
		},
		"file-loader": {
			"version": "4.2.0",
			"resolved": "https://registry.npmjs.org/file-loader/-/file-loader-4.2.0.tgz",
			"integrity": "sha512-+xZnaK5R8kBJrHK0/6HRlrKNamvVS5rjyuju+rnyxRGuwUJwpAMsVzUl5dz6rK8brkzjV6JpcFNjp6NqV0g1OQ==",
			"requires": {
				"loader-utils": "^1.2.3",
				"schema-utils": "^2.0.0"
			}
		},
		"he": {
			"version": "1.2.0",
			"resolved": "https://registry.npmjs.org/he/-/he-1.2.0.tgz",
			"integrity": "sha512-F/1DnUGPopORZi0ni+CvrCgHQ5FyEAHRLSApuYWMmrbSwoN2Mn/7k+Gl38gJnR7yyDZk6WLXwiGod1JOWNDKGw=="
		},
		"html-assets-injection-webpack-plugin": {
			"version": "1.2.1",
			"resolved": "https://registry.npmjs.org/html-assets-injection-webpack-plugin/-/html-assets-injection-webpack-plugin-1.2.1.tgz",
			"integrity": "sha512-81tor/WtsCYBEifHgkuRvpYKJFxhpeYR5u/51XiKUhCshv5utI7voxC59l8CGcomwimL5txt9kN5vD2m4hmNSw==",
			"requires": {
				"@types/webpack": "^4.32.1",
				"html-parse-utils": "^1.2.1",
				"webpack-sources": "^1.4.3"
			}
		},
		"html-loader": {
			"version": "0.5.5",
			"resolved": "https://registry.npmjs.org/html-loader/-/html-loader-0.5.5.tgz",
			"integrity": "sha512-7hIW7YinOYUpo//kSYcPB6dCKoceKLmOwjEMmhIobHuWGDVl0Nwe4l68mdG/Ru0wcUxQjVMEoZpkalZ/SE7zog==",
			"requires": {
				"es6-templates": "^0.2.3",
				"fastparse": "^1.1.1",
				"html-minifier": "^3.5.8",
				"loader-utils": "^1.1.0",
				"object-assign": "^4.1.1"
			}
		},
		"html-minifier": {
			"version": "3.5.21",
			"resolved": "https://registry.npmjs.org/html-minifier/-/html-minifier-3.5.21.tgz",
			"integrity": "sha512-LKUKwuJDhxNa3uf/LPR/KVjm/l3rBqtYeCOAekvG8F1vItxMUpueGd94i/asDDr8/1u7InxzFA5EeGjhhG5mMA==",
			"requires": {
				"camel-case": "3.0.x",
				"clean-css": "4.2.x",
				"commander": "2.17.x",
				"he": "1.2.x",
				"param-case": "2.1.x",
				"relateurl": "0.2.x",
				"uglify-js": "3.4.x"
			}
		},
		"html-parse-utils": {
			"version": "1.2.1",
			"resolved": "https://registry.npmjs.org/html-parse-utils/-/html-parse-utils-1.2.1.tgz",
			"integrity": "sha512-7VYey0i7dX2hg/8TRDoFeJ7RS5iQn8U9jX764vdy/PhHY5UeG14O6mYi4lrHBpQUWAAHq1XgY6ql7xHuR9yXJg=="
		},
		"json-schema-traverse": {
			"version": "0.4.1",
			"resolved": "https://registry.npmjs.org/json-schema-traverse/-/json-schema-traverse-0.4.1.tgz",
			"integrity": "sha512-xbbCH5dCYU5T8LcEhhuh7HJ88HXuW3qsI3Y0zOZFKfZEHcpWiHU/Jxzk629Brsab/mMiHQti9wMP+845RPe3Vg=="
		},
		"json5": {
			"version": "1.0.1",
			"resolved": "https://registry.npmjs.org/json5/-/json5-1.0.1.tgz",
			"integrity": "sha512-aKS4WQjPenRxiQsC93MNfjx+nbF4PAdYzmd/1JIj8HYzqfbu86beTuNgXDzPknWk0n0uARlyewZo4s++ES36Ow==",
			"requires": {
				"minimist": "^1.2.0"
			}
		},
		"loader-utils": {
			"version": "1.2.3",
			"resolved": "https://registry.npmjs.org/loader-utils/-/loader-utils-1.2.3.tgz",
			"integrity": "sha512-fkpz8ejdnEMG3s37wGL07iSBDg99O9D5yflE9RGNH3hRdx9SOwYfnGYdZOUIZitN8E+E2vkq3MUMYMvPYl5ZZA==",
			"requires": {
				"big.js": "^5.2.2",
				"emojis-list": "^2.0.0",
				"json5": "^1.0.1"
			}
		},
		"lower-case": {
			"version": "1.1.4",
			"resolved": "https://registry.npmjs.org/lower-case/-/lower-case-1.1.4.tgz",
			"integrity": "sha1-miyr0bno4K6ZOkv31YdcOcQujqw="
		},
		"minimist": {
			"version": "1.2.0",
			"resolved": "https://registry.npmjs.org/minimist/-/minimist-1.2.0.tgz",
			"integrity": "sha1-o1AIsg9BOD7sH7kU9M1d95omQoQ="
		},
		"no-case": {
			"version": "2.3.2",
			"resolved": "https://registry.npmjs.org/no-case/-/no-case-2.3.2.tgz",
			"integrity": "sha512-rmTZ9kz+f3rCvK2TD1Ue/oZlns7OGoIWP4fc3llxxRXlOkHKoWPPWJOfFYpITabSow43QJbRIoHQXtt10VldyQ==",
			"requires": {
				"lower-case": "^1.1.1"
			}
		},
		"object-assign": {
			"version": "4.1.1",
			"resolved": "https://registry.npmjs.org/object-assign/-/object-assign-4.1.1.tgz",
			"integrity": "sha1-IQmtx5ZYh8/AXLvUQsrIv7s2CGM="
		},
		"param-case": {
			"version": "2.1.1",
			"resolved": "https://registry.npmjs.org/param-case/-/param-case-2.1.1.tgz",
			"integrity": "sha1-35T9jPZTHs915r75oIWPvHK+Ikc=",
			"requires": {
				"no-case": "^2.2.0"
			}
		},
		"path-parse": {
			"version": "1.0.6",
			"resolved": "https://registry.npmjs.org/path-parse/-/path-parse-1.0.6.tgz",
			"integrity": "sha512-GSmOT2EbHrINBf9SR7CDELwlJ8AENk3Qn7OikK4nFYAu3Ote2+JYNVvkpAEQm3/TLNEJFD/xZJjzyxg3KBWOzw=="
		},
		"private": {
			"version": "0.1.8",
			"resolved": "https://registry.npmjs.org/private/-/private-0.1.8.tgz",
			"integrity": "sha512-VvivMrbvd2nKkiG38qjULzlc+4Vx4wm/whI9pQD35YrARNnhxeiRktSOhSukRLFNlzg6Br/cJPet5J/u19r/mg=="
		},
		"punycode": {
			"version": "2.1.1",
			"resolved": "https://registry.npmjs.org/punycode/-/punycode-2.1.1.tgz",
			"integrity": "sha512-XRsRjdf+j5ml+y/6GKHPZbrF/8p2Yga0JPtdqTIY2Xe5ohJPD9saDJJLPvp9+NSBprVvevdXZybnj2cv8OEd0A=="
		},
		"recast": {
			"version": "0.11.23",
			"resolved": "https://registry.npmjs.org/recast/-/recast-0.11.23.tgz",
			"integrity": "sha1-RR/TAEqx5N+bTktmN2sqIZEkYtM=",
			"requires": {
				"ast-types": "0.9.6",
				"esprima": "~3.1.0",
				"private": "~0.1.5",
				"source-map": "~0.5.0"
			},
			"dependencies": {
				"source-map": {
					"version": "0.5.7",
					"resolved": "https://registry.npmjs.org/source-map/-/source-map-0.5.7.tgz",
					"integrity": "sha1-igOdLRAh0i0eoUyA2OpGi6LvP8w="
				}
			}
		},
		"regenerator-runtime": {
			"version": "0.11.1",
			"resolved": "https://registry.npmjs.org/regenerator-runtime/-/regenerator-runtime-0.11.1.tgz",
			"integrity": "sha512-MguG95oij0fC3QV3URf4V2SDYGJhJnJGqvIIgdECeODCT98wSWDAJ94SSuVpYQUoTcGUIL6L4yNB7j1DFFHSBg=="
		},
		"relateurl": {
			"version": "0.2.7",
			"resolved": "https://registry.npmjs.org/relateurl/-/relateurl-0.2.7.tgz",
			"integrity": "sha1-VNvzd+UUQKypCkzSdGANP/LYiKk="
		},
		"resolve": {
			"version": "1.12.0",
			"resolved": "https://registry.npmjs.org/resolve/-/resolve-1.12.0.tgz",
			"integrity": "sha512-B/dOmuoAik5bKcD6s6nXDCjzUKnaDvdkRyAk6rsmsKLipWj4797iothd7jmmUhWTfinVMU+wc56rYKsit2Qy4w==",
			"requires": {
				"path-parse": "^1.0.6"
			}
		},
		"schema-utils": {
			"version": "2.1.0",
			"resolved": "https://registry.npmjs.org/schema-utils/-/schema-utils-2.1.0.tgz",
			"integrity": "sha512-g6SViEZAfGNrToD82ZPUjq52KUPDYc+fN5+g6Euo5mLokl/9Yx14z0Cu4RR1m55HtBXejO0sBt+qw79axN+Fiw==",
			"requires": {
				"ajv": "^6.1.0",
				"ajv-keywords": "^3.1.0"
			}
		},
		"source-list-map": {
			"version": "2.0.1",
			"resolved": "https://registry.npmjs.org/source-list-map/-/source-list-map-2.0.1.tgz",
			"integrity": "sha512-qnQ7gVMxGNxsiL4lEuJwe/To8UnK7fAnmbGEEH8RpLouuKbeEm0lhbQVFIrNSuB+G7tVrAlVsZgETT5nljf+Iw=="
		},
		"source-map": {
			"version": "0.6.1",
			"resolved": "https://registry.npmjs.org/source-map/-/source-map-0.6.1.tgz",
			"integrity": "sha512-UjgapumWlbMhkBgzT7Ykc5YXUT46F0iKu8SGXq0bcwP5dz/h0Plj6enJqjz1Zbq2l5WaqYnrVbwWOWMyF3F47g=="
		},
		"through": {
			"version": "2.3.8",
			"resolved": "https://registry.npmjs.org/through/-/through-2.3.8.tgz",
			"integrity": "sha1-DdTJ/6q8NXlgsbckEV1+Doai4fU="
		},
		"typescript": {
			"version": "3.5.3",
			"resolved": "https://registry.npmjs.org/typescript/-/typescript-3.5.3.tgz",
			"integrity": "sha512-ACzBtm/PhXBDId6a6sDJfroT2pOWt/oOnk4/dElG5G33ZL776N3Y6/6bKZJBFpd+b05F3Ct9qDjMeJmRWtE2/g==",
			"dev": true
		},
		"uglify-js": {
			"version": "3.4.10",
			"resolved": "https://registry.npmjs.org/uglify-js/-/uglify-js-3.4.10.tgz",
			"integrity": "sha512-Y2VsbPVs0FIshJztycsO2SfPk7/KAF/T72qzv9u5EpQ4kB2hQoHlhNQTsNyy6ul7lQtqJN/AoWeS23OzEiEFxw==",
			"requires": {
				"commander": "~2.19.0",
				"source-map": "~0.6.1"
			},
			"dependencies": {
				"commander": {
					"version": "2.19.0",
					"resolved": "https://registry.npmjs.org/commander/-/commander-2.19.0.tgz",
					"integrity": "sha512-6tvAOO+D6OENvRAh524Dh9jcfKTYDQAqvqezbCW82xj5X0pSrcpxtvRKHLG0yBY6SD7PSDrJaj+0AiOcKVd1Xg=="
				}
			}
		},
		"upper-case": {
			"version": "1.1.3",
			"resolved": "https://registry.npmjs.org/upper-case/-/upper-case-1.1.3.tgz",
			"integrity": "sha1-9rRQHC7EzdJrp4vnIilh3ndiFZg="
		},
		"uri-js": {
			"version": "4.2.2",
			"resolved": "https://registry.npmjs.org/uri-js/-/uri-js-4.2.2.tgz",
			"integrity": "sha512-KY9Frmirql91X2Qgjry0Wd4Y+YTdrdZheS8TFwvkbLWf/G5KNJDCh6pKL5OZctEW4+0Baa5idK2ZQuELRwPznQ==",
			"requires": {
				"punycode": "^2.1.0"
			}
		},
		"webpack-sources": {
			"version": "1.4.3",
			"resolved": "https://registry.npmjs.org/webpack-sources/-/webpack-sources-1.4.3.tgz",
			"integrity": "sha512-lgTS3Xhv1lCOKo7SA5TjKXMjpSM4sBjNV5+q2bqesbSPs5FjGmU6jjtBSkX9b4qW87vDIsCIlUPOEhbZrMdjeQ==",
			"requires": {
				"source-list-map": "^2.0.0",
				"source-map": "~0.6.1"
			}
		}
	}
}
